lockfileVersion: '9.0'

settings:
  autoInstallPeers: true
  excludeLinksFromLockfile: false

importers:

  .:
    dependencies:
      '@headlessui/vue':
        specifier: ^1.7.23
        version: 1.7.23(vue@3.5.35(typescript@5.9.3))
      typescript:
        specifier: ^5
        version: 5.9.3
    devDependencies:
      supabase:
        specifier: ^2.103.0
        version: 2.103.0

packages:

  '@babel/helper-string-parser@7.29.7':
    resolution: {integrity: sha512-Pb5ijPrZ89GDH8223L4UP8i6QApWxs04RbPQJTeWDV0/keR2E36MeKnyr6LYmUUvqRRI+Iv87SuF1W6ErINzYw==}
    engines: {node: '>=6.9.0'}

  '@babel/helper-validator-identifier@7.29.7':
    resolution: {integrity: sha512-qehxGkRj55h/ff8EMaJ+cYhyaKlHIxqYDn682wQD7RNp9UujOQsHog2uS0r2vzr4pW+sXf90NeeayjcNaX3fFg==}
    engines: {node: '>=6.9.0'}

  '@babel/parser@7.29.7':
    resolution: {integrity: sha512-hnORnjP/1P/zFEndoeX+n+t1RwWRJiJpM/jO7FW32Kn9r5+sJB2JWOdYo4L6k78j15eCwY3Gm/7364B1EMwtNg==}
    engines: {node: '>=6.0.0'}
    hasBin: true

  '@babel/types@7.29.7':
    resolution: {integrity: sha512-4zBIxpPzowiZpusoFkyGVwakdRJUyuH5PxQ/PrqghfdFWWasvnCdPfQXHrenDai+gyLARulZjZowCOj6fjT4pA==}
    engines: {node: '>=6.9.0'}

  '@headlessui/vue@1.7.23':
    resolution: {integrity: sha512-JzdCNqurrtuu0YW6QaDtR2PIYCKPUWq28csDyMvN4zmGccmE7lz40Is6hc3LA4HFeCI7sekZ/PQMTNmn9I/4Wg==}
    engines: {node: '>=10'}
    peerDependencies:
      vue: ^3.2.0

  '@jridgewell/sourcemap-codec@1.5.5':
    resolution: {integrity: sha512-cYQ9310grqxueWbl+WuIUIaiUaDcj7WOq5fVhEljNVgRfOUhY9fy2zTvfoqWsnebh8Sl70VScFbICvJnLKB0Og==}

  '@supabase/cli-darwin-arm64@2.103.0':
    resolution: {integrity: sha512-BoOaHyoLuyOtmhxtRti7za3YYH9T05JenEla/zDXikqTiY5yDd63/1RxSF9mXt+ICFMkqHq3oFkFcDP5snumBQ==}
    cpu: [arm64]
    os: [darwin]

  '@supabase/cli-darwin-x64@2.103.0':
    resolution: {integrity: sha512-SLBb5lfmIF9G+FanWZQvKG6HQeUKFmMv8ls8ZVm6OnO87pLm4aRKLfFYjeXXtiBiRYMZRwxE/RwrRy0uXc0wqw==}
    cpu: [x64]
    os: [darwin]

  '@supabase/cli-linux-arm64-musl@2.103.0':
    resolution: {integrity: sha512-zn2N7t/Mx1LUE/knZvJfJwNHKKvEl5KCqob1fetfPXoPN/GcI0UnfJ+V/bkPjhpPA1b8htVhq4brHMcqpV80mA==}
    cpu: [arm64]
    os: [linux]
    libc: [musl]

  '@supabase/cli-linux-arm64@2.103.0':
    resolution: {integrity: sha512-nk0fxTbQho+9OoUmIEBlgvEG69GmooMO1D8Ypt7SzgczNcLfYoCoKV9NMkQRUGi5jFXS5xFrRMPeSa/i3tNgwQ==}
    cpu: [arm64]
    os: [linux]
    libc: [glibc]

  '@supabase/cli-linux-x64-musl@2.103.0':
    resolution: {integrity: sha512-/fpuslo5ERFWJxbkRcpUFLV8T7087vOVU+clN2OeYTL8lgxVl04FPL3nW0qDgYeehb9GUeje5adgGvHYS006KA==}
    cpu: [x64]
    os: [linux]
    libc: [musl]

  '@supabase/cli-linux-x64@2.103.0':
    resolution: {integrity: sha512-xk9ADh4D+luctRgscBzNvYLZa1qAw067IwateSE1AxhO3GOhdN6fiLZszl5LodO7CHmp54204dj+UcMct3KWFQ==}
    cpu: [x64]
    os: [linux]
    libc: [glibc]

  '@supabase/cli-windows-arm64@2.103.0':
    resolution: {integrity: sha512-oz1xMJ2bu/lfVV1WaNegGmzoxoEEaiBMg6g2Jm4aB6qCUgoIIkiXClghEnPotd0DWklpqFCOIp1lUb15mnjK6Q==}
    cpu: [arm64]
    os: [win32]

  '@supabase/cli-windows-x64@2.103.0':
    resolution: {integrity: sha512-jueFJW/QmzWuVis2vGzeSDsrZ3gy5KIsq5vlpmhQF0bWpemgqP7buojPUiHCGSW6+9tTh8za8MraEy7HJGX/wQ==}
    cpu: [x64]
    os: [win32]

  '@tanstack/virtual-core@3.16.1':
    resolution: {integrity: sha512-br4gmJ3eI2IXth0fAAVWNdi/Iqb5ZDIUG9409Q17qnXegeHHc9vPEeMsSwpGf29GqayfmqFPtv9S4rxcZOub3Q==}

  '@tanstack/vue-virtual@3.13.27':
    resolution: {integrity: sha512-zSFeq8LBs1xEn84+nhu1N4EALPxTLxn0C1hsKTAfmAIgzyPK4RmtupHFNBxx+e5/3Oub2pLmwWjcf9Jmo//Mgg==}
    peerDependencies:
      vue: ^2.7.0 || ^3.0.0

  '@vue/compiler-core@3.5.35':
    resolution: {integrity: sha512-BUmHaR1J+O+CKZ9uJucdVTEr1LHsdyvv7vG3eNRhK3CczEHeMd/LtsHAuD7PbrxvI2envCY2v7HI1vC1aBRzKw==}

  '@vue/compiler-dom@3.5.35':
    resolution: {integrity: sha512-k+bprkXxuqhVajgTx5mUHuir7TwQzUKOWR40ng1ncAqQRPnrLngGGgqVEEhOnTMlc8btHYVKmrP8s5Qyg0hvYA==}

  '@vue/compiler-sfc@3.5.35':
    resolution: {integrity: sha512-G5VPMcXTSywXBgtFOZOnHKBxKSrwXUcvY1iaF5/hRcy7t0J6CH/d8ha9F4nzi00Fax1eLV0QHM7v4mQu68jydw==}

  '@vue/compiler-ssr@3.5.35':
    resolution: {integrity: sha512-rGhAeXgdM7/ffTJGXT69rCCdTmjDewnFuUZfBQQHTdcEBeWdT5HCGY60y2ytLJr9/Dsu7IntUi5z/w0h6Rjnzw==}

  '@vue/reactivity@3.5.35':
    resolution: {integrity: sha512-tVc+SsHConvh/Lz64qq1pP3rYArBmK42xonovEcxY74SQtvctZodG/zhq54P5dr38cVuw25d27cPNRdlMidpGQ==}

  '@vue/runtime-core@3.5.35':
    resolution: {integrity: sha512-A/xFNX9loIcWDygeQuNCfKuh0CoYBzxhqEMNah5TSFg9Z53DrFYEN2qi5CU9necjM1OWYegYREUTHmXTmhfXtg==}

  '@vue/runtime-dom@3.5.35':
    resolution: {integrity: sha512-odrJ1C391dbGnyDRh8U+rnP7J2amIEzfmRk5vXy7xi3aZhEXofTvpi0T4HJb6jlNqQZTNPR5MPHSB3RHNkIORA==}

  '@vue/server-renderer@3.5.35':
    resolution: {integrity: sha512-NkebSOYdB97wi8OQcO3HqzZSlymJi/aWsN/7h74OSVhRTm6qGs3Jp3e0rCXynmWwSlKeRrnlIug+ilYoHBmQDA==}
    peerDependencies:
      vue: 3.5.35

  '@vue/shared@3.5.35':
    resolution: {integrity: sha512-zSbjL7gRXwks2ZQLRGCajBtBXEOXW9Ddhn/HvSdrGkE2dqGnumzW8XtusRrxrE9LvqtiqDXQ+A60Hp6mvdYxfA==}

  csstype@3.2.3:
    resolution: {integrity: sha512-z1HGKcYy2xA8AGQfwrn0PAy+PB7X/GSj3UVJW9qKyn43xWa+gl5nXmU4qqLMRzWVLFC8KusUX8T/0kCiOYpAIQ==}

  entities@7.0.1:
    resolution: {integrity: sha512-TWrgLOFUQTH994YUyl1yT4uyavY5nNB5muff+RtWaqNVCAK408b5ZnnbNAUEWLTCpum9w6arT70i1XdQ4UeOPA==}
    engines: {node: '>=0.12'}

  estree-walker@2.0.2:
    resolution: {integrity: sha512-Rfkk/Mp/DL7JVje3u18FxFujQlTNR2q6QfMSMB7AvCBx91NGj/ba3kCfza0f6dVDbw7YlRf/nDrn7pQrCCyQ/w==}

  magic-string@0.30.21:
    resolution: {integrity: sha512-vd2F4YUyEXKGcLHoq+TEyCjxueSeHnFxyyjNp80yg0XV4vUhnDer/lvvlqM/arB5bXQN5K2/3oinyCRyx8T2CQ==}

  nanoid@3.3.12:
    resolution: {integrity: sha512-ZB9RH/39qpq5Vu6Y+NmUaFhQR6pp+M2Xt76XBnEwDaGcVAqhlvxrl3B2bKS5D3NH3QR76v3aSrKaF/Kiy7lEtQ==}
    engines: {node: ^10 || ^12 || ^13.7 || ^14 || >=15.0.1}
    hasBin: true

  picocolors@1.1.1:
    resolution: {integrity: sha512-xceH2snhtb5M9liqDsmEw56le376mTZkEX/jEb/RxNFyegNul7eNslCXP9FDj/Lcu0X8KEyMceP2ntpaHrDEVA==}

  postcss@8.5.15:
    resolution: {integrity: sha512-FfR8sjd4em2T6fb3I2MwAJU7HWVMr9zba+enmQeeWFfCbm+UOC/0X4DS8XtpUTMwWMGbjKYP7xjfNekzyGmB3A==}
    engines: {node: ^10 || ^12 || >=14}

  source-map-js@1.2.1:
    resolution: {integrity: sha512-UXWMKhLOwVKb728IUtQPXxfYU+usdybtUrK/8uGE8CQMvrhOpwvzDBwj0QhSL7MQc7vIsISBG8VQ8+IDQxpfQA==}
    engines: {node: '>=0.10.0'}

  supabase@2.103.0:
    resolution: {integrity: sha512-LAdBSEzbmJIAf3UojILFL1DF2npwUpqGZ5FNtuqu9pzUdPMHvICyFeQeQCpUpLNrqmee78LqYwiFBpHtBP/TQQ==}
    hasBin: true

  typescript@5.9.3:
    resolution: {integrity: sha512-jl1vZzPDinLr9eUt3J/t7V6FgNEw9QjvBPdysz9KfQDD41fQrC2Y4vKQdiaUpFT4bXlb1RHhLpp8wtm6M5TgSw==}
    engines: {node: '>=14.17'}
    hasBin: true

  vue@3.5.35:
    resolution: {integrity: sha512-cx89fnr+0kVGHiNFG6y6s0bdjypJRFNZn6x3WPstNdQR1bi1mbB7h4v5IBGTsPJU3nK1+0Iqj3Zf+hZWMieR4Q==}
    peerDependencies:
      typescript: '*'
    peerDependenciesMeta:
      typescript:
        optional: true

snapshots:

  '@babel/helper-string-parser@7.29.7': {}

  '@babel/helper-validator-identifier@7.29.7': {}

  '@babel/parser@7.29.7':
    dependencies:
      '@babel/types': 7.29.7

  '@babel/types@7.29.7':
    dependencies:
      '@babel/helper-string-parser': 7.29.7
      '@babel/helper-validator-identifier': 7.29.7

  '@headlessui/vue@1.7.23(vue@3.5.35(typescript@5.9.3))':
    dependencies:
      '@tanstack/vue-virtual': 3.13.27(vue@3.5.35(typescript@5.9.3))
      vue: 3.5.35(typescript@5.9.3)

  '@jridgewell/sourcemap-codec@1.5.5': {}

  '@supabase/cli-darwin-arm64@2.103.0':
    optional: true

  '@supabase/cli-darwin-x64@2.103.0':
    optional: true

  '@supabase/cli-linux-arm64-musl@2.103.0':
    optional: true

  '@supabase/cli-linux-arm64@2.103.0':
    optional: true

  '@supabase/cli-linux-x64-musl@2.103.0':
    optional: true

  '@supabase/cli-linux-x64@2.103.0':
    optional: true

  '@supabase/cli-windows-arm64@2.103.0':
    optional: true

  '@supabase/cli-windows-x64@2.103.0':
    optional: true

  '@tanstack/virtual-core@3.16.1': {}

  '@tanstack/vue-virtual@3.13.27(vue@3.5.35(typescript@5.9.3))':
    dependencies:
      '@tanstack/virtual-core': 3.16.1
      vue: 3.5.35(typescript@5.9.3)

  '@vue/compiler-core@3.5.35':
    dependencies:
      '@babel/parser': 7.29.7
      '@vue/shared': 3.5.35
      entities: 7.0.1
      estree-walker: 2.0.2
      source-map-js: 1.2.1

  '@vue/compiler-dom@3.5.35':
    dependencies:
      '@vue/compiler-core': 3.5.35
      '@vue/shared': 3.5.35

  '@vue/compiler-sfc@3.5.35':
    dependencies:
      '@babel/parser': 7.29.7
      '@vue/compiler-core': 3.5.35
      '@vue/compiler-dom': 3.5.35
      '@vue/compiler-ssr': 3.5.35
      '@vue/shared': 3.5.35
      estree-walker: 2.0.2
      magic-string: 0.30.21
      postcss: 8.5.15
      source-map-js: 1.2.1

  '@vue/compiler-ssr@3.5.35':
    dependencies:
      '@vue/compiler-dom': 3.5.35
      '@vue/shared': 3.5.35

  '@vue/reactivity@3.5.35':
    dependencies:
      '@vue/shared': 3.5.35

  '@vue/runtime-core@3.5.35':
    dependencies:
      '@vue/reactivity': 3.5.35
      '@vue/shared': 3.5.35

  '@vue/runtime-dom@3.5.35':
    dependencies:
      '@vue/reactivity': 3.5.35
      '@vue/runtime-core': 3.5.35
      '@vue/shared': 3.5.35
      csstype: 3.2.3

  '@vue/server-renderer@3.5.35(vue@3.5.35(typescript@5.9.3))':
    dependencies:
      '@vue/compiler-ssr': 3.5.35
      '@vue/shared': 3.5.35
      vue: 3.5.35(typescript@5.9.3)

  '@vue/shared@3.5.35': {}

  csstype@3.2.3: {}

  entities@7.0.1: {}

  estree-walker@2.0.2: {}

  magic-string@0.30.21:
    dependencies:
      '@jridgewell/sourcemap-codec': 1.5.5

  nanoid@3.3.12: {}

  picocolors@1.1.1: {}

  postcss@8.5.15:
    dependencies:
      nanoid: 3.3.12
      picocolors: 1.1.1
      source-map-js: 1.2.1

  source-map-js@1.2.1: {}

  supabase@2.103.0:
    optionalDependencies:
      '@supabase/cli-darwin-arm64': 2.103.0
      '@supabase/cli-darwin-x64': 2.103.0
      '@supabase/cli-linux-arm64': 2.103.0
      '@supabase/cli-linux-arm64-musl': 2.103.0
      '@supabase/cli-linux-x64': 2.103.0
      '@supabase/cli-linux-x64-musl': 2.103.0
      '@supabase/cli-windows-arm64': 2.103.0
      '@supabase/cli-windows-x64': 2.103.0

  typescript@5.9.3: {}

  vue@3.5.35(typescript@5.9.3):
    dependencies:
      '@vue/compiler-dom': 3.5.35
      '@vue/compiler-sfc': 3.5.35
      '@vue/runtime-dom': 3.5.35
      '@vue/server-renderer': 3.5.35(vue@3.5.35(typescript@5.9.3))
      '@vue/shared': 3.5.35
    optionalDependencies:
      typescript: 5.9.3
